
Microsoft Visual Studio Solution File, Format Version 12.00
# Visual Studio Version 16
VisualStudioVersion = 16.0.28803.202
MinimumVisualStudioVersion = 10.0.40219.1
Project("{9A19103F-16F7-4668-BE54-9A1E7A4F7556}") = "API", "src\API\API.csproj", "{B50B9309-2B6F-4557-B9DB-9618ACBE9A25}"
EndProject
Project("{9A19103F-16F7-4668-BE54-9A1E7A4F7556}") = "UnitTests", "tests\UnitTests\UnitTests.csproj", "{3794E8E7-D538-4411-9CDC-7E5D31E9DBAA}"
EndProject
Project("{2150E333-8FDC-42A3-9474-1A3956D46DE8}") = "Tests", "Tests", "{BFE6AC6B-72D2-4932-A3D3-F4C0C5D389FB}"
EndProject
Project("{9A19103F-16F7-4668-BE54-9A1E7A4F7556}") = "IntegrationTests", "tests\IntegrationTests\IntegrationTests.csproj", "{F24A8867-6630-4F8A-B54B-CBBB5A20A4D9}"
EndProject
Project("{9A19103F-16F7-4668-BE54-9A1E7A4F7556}") = "Domain", "src\Domain\Domain.csproj", "{33D0E79C-4DDB-4ED3-BCE9-9899F50E2D5B}"
EndProject
Project("{FAE04EC0-301F-11D3-BF4B-00C04F79EFBC}") = "Bussiness", "src\Bussiness\Bussiness.csproj", "{1C5FB2D9-DB7F-4790-8518-FC689D40DF38}"
EndProject
Global
	GlobalSection(SolutionConfigurationPlatforms) = preSolution
		Debug|Any CPU = Debug|Any CPU
		Release|Any CPU = Release|Any CPU
	EndGlobalSection
	GlobalSection(ProjectConfigurationPlatforms) = postSolution
		{B50B9309-2B6F-4557-B9DB-9618ACBE9A25}.Debug|Any CPU.ActiveCfg = Debug|Any CPU
		{B50B9309-2B6F-4557-B9DB-9618ACBE9A25}.Debug|Any CPU.Build.0 = Debug|Any CPU
		{B50B9309-2B6F-4557-B9DB-9618ACBE9A25}.Release|Any CPU.ActiveCfg = Release|Any CPU
		{B50B9309-2B6F-4557-B9DB-9618ACBE9A25}.Release|Any CPU.Build.0 = Release|Any CPU
		{3794E8E7-D538-4411-9CDC-7E5D31E9DBAA}.Debug|Any CPU.ActiveCfg = Debug|Any CPU
		{3794E8E7-D538-4411-9CDC-7E5D31E9DBAA}.Debug|Any CPU.Build.0 = Debug|Any CPU
		{3794E8E7-D538-4411-9CDC-7E5D31E9DBAA}.Release|Any CPU.ActiveCfg = Release|Any CPU
		{3794E8E7-D538-4411-9CDC-7E5D31E9DBAA}.Release|Any CPU.Build.0 = Release|Any CPU
		{F24A8867-6630-4F8A-B54B-CBBB5A20A4D9}.Debug|Any CPU.ActiveCfg = Debug|Any CPU
		{F24A8867-6630-4F8A-B54B-CBBB5A20A4D9}.Debug|Any CPU.Build.0 = Debug|Any CPU
		{F24A8867-6630-4F8A-B54B-CBBB5A20A4D9}.Release|Any CPU.ActiveCfg = Release|Any CPU
		{F24A8867-6630-4F8A-B54B-CBBB5A20A4D9}.Release|Any CPU.Build.0 = Release|Any CPU
		{33D0E79C-4DDB-4ED3-BCE9-9899F50E2D5B}.Debug|Any CPU.ActiveCfg = Debug|Any CPU
		{33D0E79C-4DDB-4ED3-BCE9-9899F50E2D5B}.Debug|Any CPU.Build.0 = Debug|Any CPU
		{33D0E79C-4DDB-4ED3-BCE9-9899F50E2D5B}.Release|Any CPU.ActiveCfg = Release|Any CPU
		{33D0E79C-4DDB-4ED3-BCE9-9899F50E2D5B}.Release|Any CPU.Build.0 = Release|Any CPU
		{1C5FB2D9-DB7F-4790-8518-FC689D40DF38}.Debug|Any CPU.ActiveCfg = Debug|Any CPU
		{1C5FB2D9-DB7F-4790-8518-FC689D40DF38}.Debug|Any CPU.Build.0 = Debug|Any CPU
		{1C5FB2D9-DB7F-4790-8518-FC689D40DF38}.Release|Any CPU.ActiveCfg = Release|Any CPU
		{1C5FB2D9-DB7F-4790-8518-FC689D40DF38}.Release|Any CPU.Build.0 = Release|Any CPU
	EndGlobalSection
	GlobalSection(SolutionProperties) = preSolution
		HideSolutionNode = FALSE
	EndGlobalSection
	GlobalSection(NestedProjects) = preSolution
		{3794E8E7-D538-4411-9CDC-7E5D31E9DBAA} = {BFE6AC6B-72D2-4932-A3D3-F4C0C5D389FB}
		{F24A8867-6630-4F8A-B54B-CBBB5A20A4D9} = {BFE6AC6B-72D2-4932-A3D3-F4C0C5D389FB}
	EndGlobalSection
	GlobalSection(ExtensibilityGlobals) = postSolution
		SolutionGuid = {45AD0166-0F71-4B86-B8C5-032B6236F8A5}
	EndGlobalSection
EndGlobal
